
Microsoft Visual Studio Solution File, Format Version 12.00
Project("{FAE04EC0-301F-11D3-BF4B-00C04F79EFBC}") = "HidRecorder", "HidRecorder.csproj", "{6AEAB765-CAFD-4127-82C8-EB625B56D435}"
EndProject
Global
	GlobalSection(SolutionConfigurationPlatforms) = preSolution
		Debug|Any CPU = Debug|Any CPU
		Release|Any CPU = Release|Any CPU
	EndGlobalSection
	GlobalSection(ProjectConfigurationPlatforms) = postSolution
		{6AEAB765-CAFD-4127-82C8-EB625B56D435}.Debug|Any CPU.ActiveCfg = Debug|Any CPU
		{6AEAB765-CAFD-4127-82C8-EB625B56D435}.Debug|Any CPU.Build.0 = Debug|Any CPU
		{6AEAB765-CAFD-4127-82C8-EB625B56D435}.Release|Any CPU.ActiveCfg = Release|Any CPU
		{6AEAB765-CAFD-4127-82C8-EB625B56D435}.Release|Any CPU.Build.0 = Release|Any CPU
	EndGlobalSection
EndGlobal
