
Microsoft Visual Studio Solution File, Format Version 12.00
Project("{FAE04EC0-301F-11D3-BF4B-00C04F79EFBC}") = "HidRecorder", "HidRecorder.csproj", "{464751DD-8374-45D6-9D4E-D3F7B93AA9DF}"
EndProject
Global
	GlobalSection(SolutionConfigurationPlatforms) = preSolution
		Debug|Any CPU = Debug|Any CPU
		Release|Any CPU = Release|Any CPU
	EndGlobalSection
	GlobalSection(ProjectConfigurationPlatforms) = postSolution
		{464751DD-8374-45D6-9D4E-D3F7B93AA9DF}.Debug|Any CPU.ActiveCfg = Debug|Any CPU
		{464751DD-8374-45D6-9D4E-D3F7B93AA9DF}.Debug|Any CPU.Build.0 = Debug|Any CPU
		{464751DD-8374-45D6-9D4E-D3F7B93AA9DF}.Release|Any CPU.ActiveCfg = Release|Any CPU
		{464751DD-8374-45D6-9D4E-D3F7B93AA9DF}.Release|Any CPU.Build.0 = Release|Any CPU
	EndGlobalSection
EndGlobal
